
Microsoft Visual Studio Solution File, Format Version 12.00
# Visual Studio Version 16
VisualStudioVersion = 16.0.29920.165
MinimumVisualStudioVersion = 10.0.40219.1
Project("{FAE04EC0-301F-11D3-BF4B-00C04F79EFBC}") = "DatingApp.API", "DatingApp.API.csproj", "{B45AEAE7-B7E2-4AFA-AA8C-605794B4B1CD}"
EndProject
Global
	GlobalSection(SolutionConfigurationPlatforms) = preSolution
		Debug|Any CPU = Debug|Any CPU
		Release|Any CPU = Release|Any CPU
	EndGlobalSection
	GlobalSection(ProjectConfigurationPlatforms) = postSolution
		{B45AEAE7-B7E2-4AFA-AA8C-605794B4B1CD}.Debug|Any CPU.ActiveCfg = Debug|Any CPU
		{B45AEAE7-B7E2-4AFA-AA8C-605794B4B1CD}.Debug|Any CPU.Build.0 = Debug|Any CPU
		{B45AEAE7-B7E2-4AFA-AA8C-605794B4B1CD}.Release|Any CPU.ActiveCfg = Release|Any CPU
		{B45AEAE7-B7E2-4AFA-AA8C-605794B4B1CD}.Release|Any CPU.Build.0 = Release|Any CPU
	EndGlobalSection
	GlobalSection(SolutionProperties) = preSolution
		HideSolutionNode = FALSE
	EndGlobalSection
	GlobalSection(ExtensibilityGlobals) = postSolution
		SolutionGuid = {76615DB4-B79E-4A6B-BE5D-B399308E5EF5}
	EndGlobalSection
EndGlobal
